
Microsoft Visual Studio Solution File, Format Version 12.00
# Visual Studio Version 17
VisualStudioVersion = 17.14.36429.23
MinimumVisualStudioVersion = 10.0.40219.1
Project("{FAE04EC0-301F-11D3-BF4B-00C04F79EFBC}") = "Website", "Website\Website.csproj", "{2A713B1E-4150-429A-B6D0-7BAEA879A6E2}"
EndProject
Project("{FAE04EC0-301F-11D3-BF4B-00C04F79EFBC}") = "AssetBuilder", "..\AssetBuilder\AssetBuilder\AssetBuilder.csproj", "{01FF7C18-CB16-42C0-B432-5DCE32D60E74}"
EndProject
Global
	GlobalSection(SolutionConfigurationPlatforms) = preSolution
		Debug|Any CPU = Debug|Any CPU
		Release|Any CPU = Release|Any CPU
	EndGlobalSection
	GlobalSection(ProjectConfigurationPlatforms) = postSolution
		{2A713B1E-4150-429A-B6D0-7BAEA879A6E2}.Debug|Any CPU.ActiveCfg = Debug|Any CPU
		{2A713B1E-4150-429A-B6D0-7BAEA879A6E2}.Debug|Any CPU.Build.0 = Debug|Any CPU
		{2A713B1E-4150-429A-B6D0-7BAEA879A6E2}.Release|Any CPU.ActiveCfg = Release|Any CPU
		{2A713B1E-4150-429A-B6D0-7BAEA879A6E2}.Release|Any CPU.Build.0 = Release|Any CPU
		{01FF7C18-CB16-42C0-B432-5DCE32D60E74}.Debug|Any CPU.ActiveCfg = Debug|Any CPU
		{01FF7C18-CB16-42C0-B432-5DCE32D60E74}.Debug|Any CPU.Build.0 = Debug|Any CPU
		{01FF7C18-CB16-42C0-B432-5DCE32D60E74}.Release|Any CPU.ActiveCfg = Release|Any CPU
		{01FF7C18-CB16-42C0-B432-5DCE32D60E74}.Release|Any CPU.Build.0 = Release|Any CPU
	EndGlobalSection
	GlobalSection(SolutionProperties) = preSolution
		HideSolutionNode = FALSE
	EndGlobalSection
	GlobalSection(ExtensibilityGlobals) = postSolution
		SolutionGuid = {D28B2739-EFBC-4507-BEB8-32B81A399F39}
	EndGlobalSection
EndGlobal
